# THIS IS AN AUTOGENERATED FILE. DO NOT EDIT THIS FILE DIRECTLY.
# yarn lockfile v1


"@openzeppelin/contracts-upgradeable@4.9.5":
  version "4.9.5"
  resolved "https://registry.yarnpkg.com/@openzeppelin/contracts-upgradeable/-/contracts-upgradeable-4.9.5.tgz#572b5da102fc9be1d73f34968e0ca56765969812"
  integrity sha512-f7L1//4sLlflAN7fVzJLoRedrf5Na3Oal5PZfIq55NFcVZ90EpV1q5xOvL4lFvg3MNICSDr2hH0JUBxwlxcoPg==

"@openzeppelin/contracts@4.9.5":
  version "4.9.5"
  resolved "https://registry.yarnpkg.com/@openzeppelin/contracts/-/contracts-4.9.5.tgz#1eed23d4844c861a1835b5d33507c1017fa98de8"
  integrity sha512-ZK+W5mVhRppff9BE6YdR8CC52C8zAvsVAiWhEtQ5+oNxFE6h1WdeWo+FJSF8KKvtxxVYZ7MTP/5KoVpAU3aSWg==

"era-contracts@https://github.com/matter-labs/era-contracts.git":
  version "0.1.0"
  resolved "https://github.com/matter-labs/era-contracts.git#bce4b2d0f34bd87f1aaadd291772935afb1c3bd6"
